
Microsoft Visual Studio Solution File, Format Version 12.00
# Visual Studio Version 17
VisualStudioVersion = 17.1.32328.378
MinimumVisualStudioVersion = 10.0.40219.1
Project("{2150E333-8FDC-42A3-9474-1A3956D46DE8}") = "Solution Items", "Solution Items", "{59931296-488E-4D68-90C9-CCB5E74AEA3A}"
	ProjectSection(SolutionItems) = preProject
		.editorconfig = .editorconfig
		.gitattributes = .gitattributes
		.gitignore = .gitignore
		build.fsx = build.fsx
		global.json = global.json
		package.json = package.json
		paket.dependencies = paket.dependencies
		README.md = README.md
		SEMVER.md = SEMVER.md
	EndProjectSection
EndProject
Project("{2150E333-8FDC-42A3-9474-1A3956D46DE8}") = "src", "src", "{4F1B3A9B-2057-48FA-A1CC-94089E5E5364}"
EndProject
Project("{9A19103F-16F7-4668-BE54-9A1E7A4F7556}") = "Be.Vlaanderen.Basisregisters.GrAr.Import", "src\Be.Vlaanderen.Basisregisters.GrAr.Import\Be.Vlaanderen.Basisregisters.GrAr.Import.csproj", "{4E160F1A-E489-4F53-BBB9-25AB84498C85}"
EndProject
Project("{2150E333-8FDC-42A3-9474-1A3956D46DE8}") = "test", "test", "{93490120-C49E-4AD2-8A64-1754F5E01F2E}"
EndProject
Project("{9A19103F-16F7-4668-BE54-9A1E7A4F7556}") = "Be.Vlaanderen.Basisregisters.GrAr.Tests", "test\Be.Vlaanderen.Basisregisters.GrAr.Tests\Be.Vlaanderen.Basisregisters.GrAr.Tests.csproj", "{FFBC520A-F057-4433-8414-7FD56B7DAEA2}"
EndProject
Project("{9A19103F-16F7-4668-BE54-9A1E7A4F7556}") = "Be.Vlaanderen.Basisregisters.GrAr.Legacy", "src\Be.Vlaanderen.Basisregisters.GrAr.Legacy\Be.Vlaanderen.Basisregisters.GrAr.Legacy.csproj", "{7BEE8F34-AD25-47FF-AEF5-C202727D37CE}"
EndProject
Project("{9A19103F-16F7-4668-BE54-9A1E7A4F7556}") = "Be.Vlaanderen.Basisregisters.GrAr.Provenance", "src\Be.Vlaanderen.Basisregisters.GrAr.Provenance\Be.Vlaanderen.Basisregisters.GrAr.Provenance.csproj", "{1AB1C63B-B677-4924-9C64-A97C09604313}"
EndProject
Project("{9A19103F-16F7-4668-BE54-9A1E7A4F7556}") = "Be.Vlaanderen.Basisregisters.GrAr.Common", "src\Be.Vlaanderen.Basisregisters.GrAr.Common\Be.Vlaanderen.Basisregisters.GrAr.Common.csproj", "{582CC40B-32E8-421D-A080-A17137E39B2C}"
EndProject
Project("{9A19103F-16F7-4668-BE54-9A1E7A4F7556}") = "Be.Vlaanderen.Basisregisters.GrAr.Extracts", "src\Be.Vlaanderen.Basisregisters.GrAr.Extracts\Be.Vlaanderen.Basisregisters.GrAr.Extracts.csproj", "{582CC40B-32E8-421D-A080-A17137E39B2D}"
EndProject
Project("{9A19103F-16F7-4668-BE54-9A1E7A4F7556}") = "Be.Vlaanderen.Basisregisters.GrAr.Oslo", "src\Be.Vlaanderen.Basisregisters.GrAr.Oslo\Be.Vlaanderen.Basisregisters.GrAr.Oslo.csproj", "{D7389237-367A-426E-AFA8-280F5A88199B}"
EndProject
Project("{2150E333-8FDC-42A3-9474-1A3956D46DE8}") = "tools", "tools", "{562ACC15-A0F7-4F21-B0DA-90F757F23342}"
EndProject
Project("{9A19103F-16F7-4668-BE54-9A1E7A4F7556}") = "Be.Vlaanderen.Basisregisters.Oslo.ContextProperties.Generator", "tools\Be.Vlaanderen.Basisregisters.Oslo.ContextProperties.Generator\Be.Vlaanderen.Basisregisters.Oslo.ContextProperties.Generator.csproj", "{0597BD87-FE42-46C0-B2AA-4C2E00BAC857}"
EndProject
Project("{9A19103F-16F7-4668-BE54-9A1E7A4F7556}") = "Be.Vlaanderen.Basisregisters.GrAr.Contracts", "src\Be.Vlaanderen.Basisregisters.GrAr.Contracts\Be.Vlaanderen.Basisregisters.GrAr.Contracts.csproj", "{AFB8F63E-9C39-4C1D-8C58-66C542C3632E}"
EndProject
Project("{9A19103F-16F7-4668-BE54-9A1E7A4F7556}") = "Be.Vlaanderen.Basisregisters.GrAr.Edit", "src\Be.Vlaanderen.Basisregisters.GrAr.Edit\Be.Vlaanderen.Basisregisters.GrAr.Edit.csproj", "{38714190-48F6-4114-988C-4045D8135C8B}"
EndProject
Project("{FAE04EC0-301F-11D3-BF4B-00C04F79EFBC}") = "Be.Vlaanderen.Basisregisters.GrAr.Provenance.AcmIdm", "src\Be.Vlaanderen.Basisregisters.GrAr.Provenance.AcmIdm\Be.Vlaanderen.Basisregisters.GrAr.Provenance.AcmIdm.csproj", "{58CE68F1-0059-4651-83E5-62B0455F68AD}"
EndProject
Project("{FAE04EC0-301F-11D3-BF4B-00C04F79EFBC}") = "Be.Vlaanderen.Basisregisters.GrAr.Notifications", "src\Be.Vlaanderen.Basisregisters.GrAr.Notifications\Be.Vlaanderen.Basisregisters.GrAr.Notifications.csproj", "{6C9E8418-06EB-4434-AC2F-2D4CC797BDE2}"
EndProject
Global
	GlobalSection(SolutionConfigurationPlatforms) = preSolution
		Debug|Any CPU = Debug|Any CPU
		Release|Any CPU = Release|Any CPU
	EndGlobalSection
	GlobalSection(ProjectConfigurationPlatforms) = postSolution
		{4E160F1A-E489-4F53-BBB9-25AB84498C85}.Debug|Any CPU.ActiveCfg = Debug|Any CPU
		{4E160F1A-E489-4F53-BBB9-25AB84498C85}.Debug|Any CPU.Build.0 = Debug|Any CPU
		{4E160F1A-E489-4F53-BBB9-25AB84498C85}.Release|Any CPU.ActiveCfg = Release|Any CPU
		{4E160F1A-E489-4F53-BBB9-25AB84498C85}.Release|Any CPU.Build.0 = Release|Any CPU
		{FFBC520A-F057-4433-8414-7FD56B7DAEA2}.Debug|Any CPU.ActiveCfg = Debug|Any CPU
		{FFBC520A-F057-4433-8414-7FD56B7DAEA2}.Debug|Any CPU.Build.0 = Debug|Any CPU
		{FFBC520A-F057-4433-8414-7FD56B7DAEA2}.Release|Any CPU.ActiveCfg = Release|Any CPU
		{FFBC520A-F057-4433-8414-7FD56B7DAEA2}.Release|Any CPU.Build.0 = Release|Any CPU
		{7BEE8F34-AD25-47FF-AEF5-C202727D37CE}.Debug|Any CPU.ActiveCfg = Debug|Any CPU
		{7BEE8F34-AD25-47FF-AEF5-C202727D37CE}.Debug|Any CPU.Build.0 = Debug|Any CPU
		{7BEE8F34-AD25-47FF-AEF5-C202727D37CE}.Release|Any CPU.ActiveCfg = Release|Any CPU
		{7BEE8F34-AD25-47FF-AEF5-C202727D37CE}.Release|Any CPU.Build.0 = Release|Any CPU
		{1AB1C63B-B677-4924-9C64-A97C09604313}.Debug|Any CPU.ActiveCfg = Debug|Any CPU
		{1AB1C63B-B677-4924-9C64-A97C09604313}.Debug|Any CPU.Build.0 = Debug|Any CPU
		{1AB1C63B-B677-4924-9C64-A97C09604313}.Release|Any CPU.ActiveCfg = Release|Any CPU
		{1AB1C63B-B677-4924-9C64-A97C09604313}.Release|Any CPU.Build.0 = Release|Any CPU
		{582CC40B-32E8-421D-A080-A17137E39B2C}.Debug|Any CPU.ActiveCfg = Debug|Any CPU
		{582CC40B-32E8-421D-A080-A17137E39B2C}.Debug|Any CPU.Build.0 = Debug|Any CPU
		{582CC40B-32E8-421D-A080-A17137E39B2C}.Release|Any CPU.ActiveCfg = Release|Any CPU
		{582CC40B-32E8-421D-A080-A17137E39B2C}.Release|Any CPU.Build.0 = Release|Any CPU
		{582CC40B-32E8-421D-A080-A17137E39B2D}.Debug|Any CPU.ActiveCfg = Debug|Any CPU
		{582CC40B-32E8-421D-A080-A17137E39B2D}.Debug|Any CPU.Build.0 = Debug|Any CPU
		{582CC40B-32E8-421D-A080-A17137E39B2D}.Release|Any CPU.ActiveCfg = Release|Any CPU
		{582CC40B-32E8-421D-A080-A17137E39B2D}.Release|Any CPU.Build.0 = Release|Any CPU
		{D7389237-367A-426E-AFA8-280F5A88199B}.Debug|Any CPU.ActiveCfg = Debug|Any CPU
		{D7389237-367A-426E-AFA8-280F5A88199B}.Debug|Any CPU.Build.0 = Debug|Any CPU
		{D7389237-367A-426E-AFA8-280F5A88199B}.Release|Any CPU.ActiveCfg = Release|Any CPU
		{D7389237-367A-426E-AFA8-280F5A88199B}.Release|Any CPU.Build.0 = Release|Any CPU
		{0597BD87-FE42-46C0-B2AA-4C2E00BAC857}.Debug|Any CPU.ActiveCfg = Debug|Any CPU
		{0597BD87-FE42-46C0-B2AA-4C2E00BAC857}.Debug|Any CPU.Build.0 = Debug|Any CPU
		{0597BD87-FE42-46C0-B2AA-4C2E00BAC857}.Release|Any CPU.ActiveCfg = Release|Any CPU
		{0597BD87-FE42-46C0-B2AA-4C2E00BAC857}.Release|Any CPU.Build.0 = Release|Any CPU
		{AFB8F63E-9C39-4C1D-8C58-66C542C3632E}.Debug|Any CPU.ActiveCfg = Debug|Any CPU
		{AFB8F63E-9C39-4C1D-8C58-66C542C3632E}.Debug|Any CPU.Build.0 = Debug|Any CPU
		{AFB8F63E-9C39-4C1D-8C58-66C542C3632E}.Release|Any CPU.ActiveCfg = Release|Any CPU
		{AFB8F63E-9C39-4C1D-8C58-66C542C3632E}.Release|Any CPU.Build.0 = Release|Any CPU
		{38714190-48F6-4114-988C-4045D8135C8B}.Debug|Any CPU.ActiveCfg = Debug|Any CPU
		{38714190-48F6-4114-988C-4045D8135C8B}.Debug|Any CPU.Build.0 = Debug|Any CPU
		{38714190-48F6-4114-988C-4045D8135C8B}.Release|Any CPU.ActiveCfg = Release|Any CPU
		{38714190-48F6-4114-988C-4045D8135C8B}.Release|Any CPU.Build.0 = Release|Any CPU
		{58CE68F1-0059-4651-83E5-62B0455F68AD}.Debug|Any CPU.ActiveCfg = Debug|Any CPU
		{58CE68F1-0059-4651-83E5-62B0455F68AD}.Debug|Any CPU.Build.0 = Debug|Any CPU
		{58CE68F1-0059-4651-83E5-62B0455F68AD}.Release|Any CPU.ActiveCfg = Release|Any CPU
		{58CE68F1-0059-4651-83E5-62B0455F68AD}.Release|Any CPU.Build.0 = Release|Any CPU
		{6C9E8418-06EB-4434-AC2F-2D4CC797BDE2}.Debug|Any CPU.ActiveCfg = Debug|Any CPU
		{6C9E8418-06EB-4434-AC2F-2D4CC797BDE2}.Debug|Any CPU.Build.0 = Debug|Any CPU
		{6C9E8418-06EB-4434-AC2F-2D4CC797BDE2}.Release|Any CPU.ActiveCfg = Release|Any CPU
		{6C9E8418-06EB-4434-AC2F-2D4CC797BDE2}.Release|Any CPU.Build.0 = Release|Any CPU
	EndGlobalSection
	GlobalSection(SolutionProperties) = preSolution
		HideSolutionNode = FALSE
	EndGlobalSection
	GlobalSection(NestedProjects) = preSolution
		{4E160F1A-E489-4F53-BBB9-25AB84498C85} = {4F1B3A9B-2057-48FA-A1CC-94089E5E5364}
		{FFBC520A-F057-4433-8414-7FD56B7DAEA2} = {93490120-C49E-4AD2-8A64-1754F5E01F2E}
		{7BEE8F34-AD25-47FF-AEF5-C202727D37CE} = {4F1B3A9B-2057-48FA-A1CC-94089E5E5364}
		{1AB1C63B-B677-4924-9C64-A97C09604313} = {4F1B3A9B-2057-48FA-A1CC-94089E5E5364}
		{582CC40B-32E8-421D-A080-A17137E39B2C} = {4F1B3A9B-2057-48FA-A1CC-94089E5E5364}
		{582CC40B-32E8-421D-A080-A17137E39B2D} = {4F1B3A9B-2057-48FA-A1CC-94089E5E5364}
		{D7389237-367A-426E-AFA8-280F5A88199B} = {4F1B3A9B-2057-48FA-A1CC-94089E5E5364}
		{0597BD87-FE42-46C0-B2AA-4C2E00BAC857} = {562ACC15-A0F7-4F21-B0DA-90F757F23342}
		{AFB8F63E-9C39-4C1D-8C58-66C542C3632E} = {4F1B3A9B-2057-48FA-A1CC-94089E5E5364}
		{38714190-48F6-4114-988C-4045D8135C8B} = {4F1B3A9B-2057-48FA-A1CC-94089E5E5364}
		{58CE68F1-0059-4651-83E5-62B0455F68AD} = {4F1B3A9B-2057-48FA-A1CC-94089E5E5364}
		{6C9E8418-06EB-4434-AC2F-2D4CC797BDE2} = {4F1B3A9B-2057-48FA-A1CC-94089E5E5364}
	EndGlobalSection
	GlobalSection(ExtensibilityGlobals) = postSolution
		SolutionGuid = {CEAD0895-A570-4203-B6EF-288CA9D98AEF}
	EndGlobalSection
EndGlobal
