{
  "version": 2,
  "dependencies": {
    "net9.0": {
      "Be.Vlaanderen.Basisregisters.AspNetCore.Mvc.Formatters.Json": {
        "type": "Direct",
        "requested": "[6.0.0, )",
        "resolved": "6.0.0",
        "contentHash": "x3oJ2AC2uUaiHFoMsACeeBvh6mPyhZmTuV885i971YnjqYALk5BSzSphmetePN52GFPYGS0evqxsPZ2X6+o8wA==",
        "dependencies": {
          "Be.Vlaanderen.Basisregisters.Converters.TrimString": "5.0.0",
          "Be.Vlaanderen.Basisregisters.Utilities.Rfc3339DateTimeOffset": "5.0.0",
          "Newtonsoft.Json": "13.0.3",
          "NodaTime.Serialization.JsonNet": "3.2.0"
        }
      },
      "Be.Vlaanderen.Basisregisters.Utilities.Rfc3339DateTimeOffset": {
        "type": "Direct",
        "requested": "[5.0.0, )",
        "resolved": "5.0.0",
        "contentHash": "OVyzqSCZKdjIke/oXSqp874O5vZvpwnec5wZkCmffjITjK+G/4nQk1jeV3wDAvusjcIEscdGOmhgYGCnUWoQkQ==",
        "dependencies": {
          "Newtonsoft.Json": "13.0.3"
        }
      },
      "Microsoft.Extensions.Configuration": {
        "type": "Direct",
        "requested": "[9.0.12, )",
        "resolved": "9.0.12",
        "contentHash": "ATSurHTbvZmw2ITcEyPPrKbtBh5FHA/p9JAMuKbgfurm+U+qPE5KkYHW7NIpayL3/ML3GGPmro1hOozJ/O8VuA==",
        "dependencies": {
          "Microsoft.Extensions.Configuration.Abstractions": "9.0.12",
          "Microsoft.Extensions.Primitives": "9.0.12"
        }
      },
      "Microsoft.Extensions.Http.Polly": {
        "type": "Direct",
        "requested": "[9.0.12, )",
        "resolved": "9.0.12",
        "contentHash": "9SmQha3zWSK23OwJzUMxdJPwrfK6thBPNBFa5MB1NI+jiCSPkR+EeZhV3FqE0VARSLdsFffRbrSchZna7JSTDQ==",
        "dependencies": {
          "Microsoft.Extensions.Http": "9.0.12",
          "Polly": "7.2.4",
          "Polly.Extensions.Http": "3.0.0"
        }
      },
      "Newtonsoft.Json": {
        "type": "Direct",
        "requested": "[13.0.3, )",
        "resolved": "13.0.3",
        "contentHash": "HrC5BXdl00IP9zeV+0Z848QWPAoCr9P3bDEZguI+gkLcBKAOxix/tLEAAHC+UvDNPv4a2d18lOReHMOagPa+zQ=="
      },
      "SourceLink.Copy.PdbFiles": {
        "type": "Direct",
        "requested": "[2.8.3, )",
        "resolved": "2.8.3",
        "contentHash": "cxlw1QHd/J7lOtSZ45VZMOsF/YSOlwZy0fCkauo9Ib9vOv+zGzjm9q3D8qGyMII0Zz1GSmli/oxhmUNuYUpc1g=="
      },
      "SourceLink.Embed.AllSourceFiles": {
        "type": "Direct",
        "requested": "[2.8.3, )",
        "resolved": "2.8.3",
        "contentHash": "Hv77AfKNDqSUH6MSGW1ZwKWFJ/CNKOe4FD6lpJGNYdSSQeEEsE2KyPlG1IgzA8+CJG8lDQV2vLS4OljHtHohsw=="
      },
      "Be.Vlaanderen.Basisregisters.Converters.TrimString": {
        "type": "Transitive",
        "resolved": "5.0.0",
        "contentHash": "LVMiWd/VIVKgbcmtiQgYBi/yGMxSEybDrruUTOVEa4hQc0eMMd55a/KyMmaqsT0afMQwgqwO6ld25RagB7sQoA==",
        "dependencies": {
          "Newtonsoft.Json": "13.0.3"
        }
      },
      "Be.Vlaanderen.Basisregisters.Utilities.HashCodeCalculator": {
        "type": "Transitive",
        "resolved": "5.0.0",
        "contentHash": "zb1i6RL8RkQQNa+gv553tMNe+q/6C41G4nia1p1u13COa4zCMVBmBs2ypFYuw2VTLmwAUhTZJDqGYwGVnC38YA=="
      },
      "Be.Vlaanderen.Basisregisters.Utilities.HexByteConvertor": {
        "type": "Transitive",
        "resolved": "5.0.0",
        "contentHash": "DI3ETyL4lW+/SQcVAHE1F2fkNLZ5UV8GtVMoPZxX73gTdlfcKHASnsKrxVS/IcQu/5dzwQR70OIpC7kKTQzKcg=="
      },
      "Be.Vlaanderen.Basisregisters.Utilities.ToStringBuilder": {
        "type": "Transitive",
        "resolved": "4.0.8",
        "contentHash": "jzp8ifH4bBjvhxGe4bBDeDGEXVbiXco7cZX2iKghOTulus30lKk/oj9mOz2gMusQHGEppvXhtHgoJsX3XNYRng=="
      },
      "Microsoft.Extensions.Configuration.Abstractions": {
        "type": "Transitive",
        "resolved": "9.0.12",
        "contentHash": "7a6T0/caZDhTX1qkXII/2bSdmZt/gqrBkIXlcM9NTelc6lseRR6OPYb8gcy/JA6m4P3tEFd2Tnhr8ke4Jq/wkw==",
        "dependencies": {
          "Microsoft.Extensions.Primitives": "9.0.12"
        }
      },
      "Microsoft.Extensions.Configuration.Binder": {
        "type": "Transitive",
        "resolved": "9.0.12",
        "contentHash": "J0nlmzF3gChGiEkNoSy+1ScAcs2xzZc49x4tfxSX+cuL2aA362qBlDXJzCekBuXwtlcDpfy/2DN3Pol/FkDkcw==",
        "dependencies": {
          "Microsoft.Extensions.Configuration.Abstractions": "9.0.12"
        }
      },
      "Microsoft.Extensions.DependencyInjection": {
        "type": "Transitive",
        "resolved": "9.0.12",
        "contentHash": "Ao81p3RGYdYUMsP4ST5p+DgF/8oLXJUMH8IQyLHb9Whr0JRqbe8+20/y6fUIpiRxe3xFypXlxGoIcwKixVtyfA==",
        "dependencies": {
          "Microsoft.Extensions.DependencyInjection.Abstractions": "9.0.12"
        }
      },
      "Microsoft.Extensions.DependencyInjection.Abstractions": {
        "type": "Transitive",
        "resolved": "9.0.12",
        "contentHash": "giBjLNJewLe2baQBmLp+8/HSm05WBA//Pd8G5of5G1qrT8a+KLg6mYE6k7w9GFLjYG8ckKyTC9u2yoA0b0J8kg=="
      },
      "Microsoft.Extensions.Diagnostics": {
        "type": "Transitive",
        "resolved": "9.0.12",
        "contentHash": "0II8aBqWfBlArJmKWy0SvqKrQPYgmfHnGkY2vH2oU0/mbVL6ox582a32HsWpGvvRfMOEd5xx7rhbBnIdWWckBw==",
        "dependencies": {
          "Microsoft.Extensions.Configuration": "9.0.12",
          "Microsoft.Extensions.Diagnostics.Abstractions": "9.0.12",
          "Microsoft.Extensions.Options.ConfigurationExtensions": "9.0.12"
        }
      },
      "Microsoft.Extensions.Diagnostics.Abstractions": {
        "type": "Transitive",
        "resolved": "9.0.12",
        "contentHash": "hNYEU/JbHO2rO5Kax5nX1hz/hnQEZPE9hAiMS0o2evvhks6YFeYKlEYeRshmj/asi5hgUa4esYjiOiSiGjijTw==",
        "dependencies": {
          "Microsoft.Extensions.DependencyInjection.Abstractions": "9.0.12",
          "Microsoft.Extensions.Options": "9.0.12"
        }
      },
      "Microsoft.Extensions.Http": {
        "type": "Transitive",
        "resolved": "9.0.12",
        "contentHash": "20sitfhsBuyPp+mvxvborD6hd5xaIcyFrrlMiwohgY28qiRLLQwWYCixY5P9PCXqrHUe8OWnHVmCdDqYSZ8Q2w==",
        "dependencies": {
          "Microsoft.Extensions.Configuration.Abstractions": "9.0.12",
          "Microsoft.Extensions.DependencyInjection.Abstractions": "9.0.12",
          "Microsoft.Extensions.Diagnostics": "9.0.12",
          "Microsoft.Extensions.Logging": "9.0.12",
          "Microsoft.Extensions.Logging.Abstractions": "9.0.12",
          "Microsoft.Extensions.Options": "9.0.12"
        }
      },
      "Microsoft.Extensions.Logging.Abstractions": {
        "type": "Transitive",
        "resolved": "9.0.12",
        "contentHash": "7j7OzWhHJX3HQP1tbS6HNQ2LX/hcQO1nrrvawvFmkpEBFIMOmefCEJZy1Yj44FSPBtuUcucgzLE8hP+OgoNhVQ==",
        "dependencies": {
          "Microsoft.Extensions.DependencyInjection.Abstractions": "9.0.12"
        }
      },
      "Microsoft.Extensions.Options": {
        "type": "Transitive",
        "resolved": "9.0.12",
        "contentHash": "KsZEu0AF7dtefqfUG4MsUIWmuvtoQjN+A+Ggi6jp9QdodSEzpV7mBv9WUb43y6fdDoGFu8kBfIkwftgMy0gllw==",
        "dependencies": {
          "Microsoft.Extensions.DependencyInjection.Abstractions": "9.0.12",
          "Microsoft.Extensions.Primitives": "9.0.12"
        }
      },
      "Microsoft.Extensions.Options.ConfigurationExtensions": {
        "type": "Transitive",
        "resolved": "9.0.12",
        "contentHash": "8pdzO+arUAm6MgeBTm29XUi5sl6bLEPJLYfHA4I2ZIJYbQnVJRYH3NqRlHXoQaGRez92gc7DkOkqetXr6pFnHg==",
        "dependencies": {
          "Microsoft.Extensions.Configuration.Abstractions": "9.0.12",
          "Microsoft.Extensions.Configuration.Binder": "9.0.12",
          "Microsoft.Extensions.DependencyInjection.Abstractions": "9.0.12",
          "Microsoft.Extensions.Options": "9.0.12",
          "Microsoft.Extensions.Primitives": "9.0.12"
        }
      },
      "Microsoft.Extensions.Primitives": {
        "type": "Transitive",
        "resolved": "9.0.12",
        "contentHash": "nmGbgxTfuvuEdcQ9NH5DEwAKDKB+c39dAcKQ4+sb8WpGA3pMIgAJfowC+aRH/6gFmdRq2ssRp031Uvv7rTrOMg=="
      },
      "NodaTime.Serialization.JsonNet": {
        "type": "Transitive",
        "resolved": "3.2.0",
        "contentHash": "zf4dQoRBaFxJ5Hf1SqVVHCPcMViKMZK/P0YnJUuhB8g58IxNGOkSxsPPX9jFp3fMjGrEER/ehyO+y86ubD4OKw==",
        "dependencies": {
          "Newtonsoft.Json": "13.0.3",
          "NodaTime": "[3.0.0, 4.0.0)"
        }
      },
      "Polly": {
        "type": "Transitive",
        "resolved": "7.2.4",
        "contentHash": "bw00Ck5sh6ekduDE3mnCo1ohzuad946uslCDEENu3091+6UKnBuKLo4e+yaNcCzXxOZCXWY2gV4a35+K1d4LDA=="
      },
      "Polly.Extensions.Http": {
        "type": "Transitive",
        "resolved": "3.0.0",
        "contentHash": "drrG+hB3pYFY7w1c3BD+lSGYvH2oIclH8GRSehgfyP5kjnFnHKQuuBhuHLv+PWyFuaTDyk/vfRpnxOzd11+J8g==",
        "dependencies": {
          "Polly": "7.1.0"
        }
      },
      "System.Collections.Immutable": {
        "type": "Transitive",
        "resolved": "9.0.3",
        "contentHash": "CfYi30Pbpw9aGpXVLcoGt+yM0egrE8M1DUOOwdAWOAQ2QZkXkSgjonqZYvtKdxUF1XJaLCp0OdTXueeAeUHSlQ=="
      },
      "be.vlaanderen.basisregisters.grar.common": {
        "type": "Project",
        "dependencies": {
          "Be.Vlaanderen.Basisregisters.AggregateSource": "[10.0.2, )",
          "Be.Vlaanderen.Basisregisters.CommandHandling": "[10.0.2, )",
          "NetTopologySuite": "[2.6.0, )",
          "NodaTime": "[3.2.2, )"
        }
      },
      "be.vlaanderen.basisregisters.grar.legacy": {
        "type": "Project",
        "dependencies": {
          "Be.Vlaanderen.Basisregisters.GrAr.Common": "[1.0.0, )",
          "Be.Vlaanderen.Basisregisters.Utilities.Rfc3339DateTimeOffset": "[5.0.0, )",
          "Newtonsoft.Json": "[13.0.3, )"
        }
      },
      "Be.Vlaanderen.Basisregisters.AggregateSource": {
        "type": "CentralTransitive",
        "requested": "[10.0.2, )",
        "resolved": "10.0.2",
        "contentHash": "Yl/b3hX+eL00r2hs/vIFbr4BX+4dapcj5AFBguPhO4QBb2Hwzgzm/jjuoS3bziUg5PAb1TWn+jQxcw63c886RA==",
        "dependencies": {
          "Be.Vlaanderen.Basisregisters.Utilities.HashCodeCalculator": "5.0.0",
          "Be.Vlaanderen.Basisregisters.Utilities.HexByteConvertor": "5.0.0",
          "Be.Vlaanderen.Basisregisters.Utilities.ToStringBuilder": "4.0.8",
          "Newtonsoft.Json": "13.0.3",
          "NodaTime": "3.2.2",
          "System.Collections.Immutable": "9.0.3"
        }
      },
      "Be.Vlaanderen.Basisregisters.CommandHandling": {
        "type": "CentralTransitive",
        "requested": "[10.0.2, )",
        "resolved": "10.0.2",
        "contentHash": "kF9PkiM+9/iqXSSg4B+rXLAgNGgMAdIxtFsQsXlmQ6/tnqXU1FMbRJ0rAHCFKABwv+GW0b113NvDAdAA9V1x9Q==",
        "dependencies": {
          "System.Collections.Immutable": "9.0.3"
        }
      },
      "Microsoft.Extensions.Logging": {
        "type": "CentralTransitive",
        "requested": "[9.0.12, )",
        "resolved": "9.0.12",
        "contentHash": "4SVZdAe2bJOaE2nj8aY5xQlfz1iDZwxeV992jGn7XafCWmvH7wPlewcv+QqORbww1Aez78nyxspJOEnaa0cU+w==",
        "dependencies": {
          "Microsoft.Extensions.DependencyInjection": "9.0.12",
          "Microsoft.Extensions.Logging.Abstractions": "9.0.12",
          "Microsoft.Extensions.Options": "9.0.12"
        }
      },
      "NetTopologySuite": {
        "type": "CentralTransitive",
        "requested": "[2.6.0, )",
        "resolved": "2.6.0",
        "contentHash": "1B1OTacTd4QtFyBeuIOcThwSSLUdRZU3bSFIwM8vk36XiZlBMi3K36u74e4OqwwHRHUuJC1PhbDx4hyI266X1Q=="
      },
      "NodaTime": {
        "type": "CentralTransitive",
        "requested": "[3.2.2, )",
        "resolved": "3.2.2",
        "contentHash": "dmju5W0UYC3QP/UJM0juKAZkH0HSDMp0gH91A0+mT9M0kgyM2Jm67hUZPl/WRQLq8Lijjqmdk8kyAViWFWM7dA=="
      }
    },
    "net9.0/linux-arm64": {},
    "net9.0/linux-x64": {},
    "net9.0/win-x64": {}
  }
}