{
  "version": 2,
  "dependencies": {
    "net9.0": {
      "Be.Vlaanderen.Basisregisters.AspNetCore.Mvc.Formatters.Json": {
        "type": "Direct",
        "requested": "[6.0.0, )",
        "resolved": "6.0.0",
        "contentHash": "x3oJ2AC2uUaiHFoMsACeeBvh6mPyhZmTuV885i971YnjqYALk5BSzSphmetePN52GFPYGS0evqxsPZ2X6+o8wA==",
        "dependencies": {
          "Be.Vlaanderen.Basisregisters.Converters.TrimString": "5.0.0",
          "Be.Vlaanderen.Basisregisters.Utilities.Rfc3339DateTimeOffset": "5.0.0",
          "Newtonsoft.Json": "13.0.3",
          "NodaTime.Serialization.JsonNet": "3.2.0"
        }
      },
      "Be.Vlaanderen.Basisregisters.Utilities.Rfc3339DateTimeOffset": {
        "type": "Direct",
        "requested": "[5.0.0, )",
        "resolved": "5.0.0",
        "contentHash": "OVyzqSCZKdjIke/oXSqp874O5vZvpwnec5wZkCmffjITjK+G/4nQk1jeV3wDAvusjcIEscdGOmhgYGCnUWoQkQ==",
        "dependencies": {
          "Newtonsoft.Json": "13.0.3"
        }
      },
      "Microsoft.Extensions.Configuration": {
        "type": "Direct",
        "requested": "[9.0.15, )",
        "resolved": "9.0.15",
        "contentHash": "qxlTxFw69SHEljR49rJ1PPZn2Z/uqEixCb2vFE77BaX1CSyt+6aHvCOfj1LD7kXtKwxxrBaJBgLdu19c8jipLg==",
        "dependencies": {
          "Microsoft.Extensions.Configuration.Abstractions": "9.0.15",
          "Microsoft.Extensions.Primitives": "9.0.15"
        }
      },
      "Microsoft.Extensions.Http.Polly": {
        "type": "Direct",
        "requested": "[9.0.15, )",
        "resolved": "9.0.15",
        "contentHash": "hoD1P2Hghdbd1EvTxOwuNZiWkFhQUR2JdFiHW0LkELgLQOAH1C9wHyCAILMvZQH/I5h+F6tu2V7+XjkQ+FtWww==",
        "dependencies": {
          "Microsoft.Extensions.Http": "9.0.15",
          "Polly": "7.2.4",
          "Polly.Extensions.Http": "3.0.0"
        }
      },
      "Newtonsoft.Json": {
        "type": "Direct",
        "requested": "[13.0.3, )",
        "resolved": "13.0.3",
        "contentHash": "HrC5BXdl00IP9zeV+0Z848QWPAoCr9P3bDEZguI+gkLcBKAOxix/tLEAAHC+UvDNPv4a2d18lOReHMOagPa+zQ=="
      },
      "SourceLink.Copy.PdbFiles": {
        "type": "Direct",
        "requested": "[2.8.3, )",
        "resolved": "2.8.3",
        "contentHash": "cxlw1QHd/J7lOtSZ45VZMOsF/YSOlwZy0fCkauo9Ib9vOv+zGzjm9q3D8qGyMII0Zz1GSmli/oxhmUNuYUpc1g=="
      },
      "SourceLink.Embed.AllSourceFiles": {
        "type": "Direct",
        "requested": "[2.8.3, )",
        "resolved": "2.8.3",
        "contentHash": "Hv77AfKNDqSUH6MSGW1ZwKWFJ/CNKOe4FD6lpJGNYdSSQeEEsE2KyPlG1IgzA8+CJG8lDQV2vLS4OljHtHohsw=="
      },
      "Be.Vlaanderen.Basisregisters.Converters.TrimString": {
        "type": "Transitive",
        "resolved": "5.0.0",
        "contentHash": "LVMiWd/VIVKgbcmtiQgYBi/yGMxSEybDrruUTOVEa4hQc0eMMd55a/KyMmaqsT0afMQwgqwO6ld25RagB7sQoA==",
        "dependencies": {
          "Newtonsoft.Json": "13.0.3"
        }
      },
      "Be.Vlaanderen.Basisregisters.Utilities.HashCodeCalculator": {
        "type": "Transitive",
        "resolved": "5.0.0",
        "contentHash": "zb1i6RL8RkQQNa+gv553tMNe+q/6C41G4nia1p1u13COa4zCMVBmBs2ypFYuw2VTLmwAUhTZJDqGYwGVnC38YA=="
      },
      "Be.Vlaanderen.Basisregisters.Utilities.ToStringBuilder": {
        "type": "Transitive",
        "resolved": "4.0.8",
        "contentHash": "jzp8ifH4bBjvhxGe4bBDeDGEXVbiXco7cZX2iKghOTulus30lKk/oj9mOz2gMusQHGEppvXhtHgoJsX3XNYRng=="
      },
      "Microsoft.Extensions.Configuration.Abstractions": {
        "type": "Transitive",
        "resolved": "9.0.15",
        "contentHash": "M9s2mDxtfNdS6SbemODzDxHgm+eIhZPSuTc0s0QazQoSceTXTv+OjthKqf8r/FehXtABXD01ijQNdtODDFtnxg==",
        "dependencies": {
          "Microsoft.Extensions.Primitives": "9.0.15"
        }
      },
      "Microsoft.Extensions.Configuration.Binder": {
        "type": "Transitive",
        "resolved": "9.0.15",
        "contentHash": "6hOTcdyGlJBBHl1DqbnvqSbHsJp814r5HMXGkTH1Jg6IosqwqZhh00/UCUJ0oXrACO096wWuCMfKMIPbnMGWIQ==",
        "dependencies": {
          "Microsoft.Extensions.Configuration.Abstractions": "9.0.15"
        }
      },
      "Microsoft.Extensions.DependencyInjection": {
        "type": "Transitive",
        "resolved": "9.0.15",
        "contentHash": "IC2QYj9ctbepvv2etwVXFVSfVLyFuYMuHhclQeuFYyWOGOY8yHfv6GzND3Dr4u7AOhWC1p/HwbJQNCZvGdiQ0g==",
        "dependencies": {
          "Microsoft.Extensions.DependencyInjection.Abstractions": "9.0.15"
        }
      },
      "Microsoft.Extensions.DependencyInjection.Abstractions": {
        "type": "Transitive",
        "resolved": "9.0.15",
        "contentHash": "4ulUZtcGCPQ/LadApR1QftrRZ0AvxGW6SsVhS3QoTAwZtzhbN6x0VCVPoXsoPkznUrgzy8bi4KZ+kFt5jsP40Q=="
      },
      "Microsoft.Extensions.Diagnostics": {
        "type": "Transitive",
        "resolved": "9.0.15",
        "contentHash": "Whq6SU2peF7Q5Xvi9XR8ZAr28g9+2wYX+G1gUYTlX0PEYjNheb4JbOxdwppJ31uwLcqH8cYfxZ7BsU5Zcnvh0A==",
        "dependencies": {
          "Microsoft.Extensions.Configuration": "9.0.15",
          "Microsoft.Extensions.Diagnostics.Abstractions": "9.0.15",
          "Microsoft.Extensions.Options.ConfigurationExtensions": "9.0.15"
        }
      },
      "Microsoft.Extensions.Diagnostics.Abstractions": {
        "type": "Transitive",
        "resolved": "9.0.15",
        "contentHash": "te2b0hYwylkYrSskY3vkkuSkyMZzWvEYV2LD7U1h3NfCZhakfYEmf4bVJpBqJdzJV2iaWQZFMe21J1lKbr6nqQ==",
        "dependencies": {
          "Microsoft.Extensions.DependencyInjection.Abstractions": "9.0.15",
          "Microsoft.Extensions.Options": "9.0.15"
        }
      },
      "Microsoft.Extensions.Http": {
        "type": "Transitive",
        "resolved": "9.0.15",
        "contentHash": "vjtTP3xhjYdDrOcmNOYNWSBHtFNH0ICyJzAniZYS9pvOg38cI/FykuA8ACYQwoYzuv5T8VlYACOT132yijivYQ==",
        "dependencies": {
          "Microsoft.Extensions.Configuration.Abstractions": "9.0.15",
          "Microsoft.Extensions.DependencyInjection.Abstractions": "9.0.15",
          "Microsoft.Extensions.Diagnostics": "9.0.15",
          "Microsoft.Extensions.Logging": "9.0.15",
          "Microsoft.Extensions.Logging.Abstractions": "9.0.15",
          "Microsoft.Extensions.Options": "9.0.15"
        }
      },
      "Microsoft.Extensions.Logging.Abstractions": {
        "type": "Transitive",
        "resolved": "9.0.15",
        "contentHash": "kI9Sc2l8oC3bEptPIPp3+aoCBCfrefJHn5lgfKbw526JJbUuNNQPtB/bcUyqFpzr6KKgHxALfNrP6rX1x+19yA==",
        "dependencies": {
          "Microsoft.Extensions.DependencyInjection.Abstractions": "9.0.15"
        }
      },
      "Microsoft.Extensions.Options": {
        "type": "Transitive",
        "resolved": "9.0.15",
        "contentHash": "MbKKtaKGlvil2KWaA3x81l15mUorZGhqe4v8h3eLl7YU6gpOlfARnXYxHxx3GEakHl0De0zeu1kFm3u/NiPdKg==",
        "dependencies": {
          "Microsoft.Extensions.DependencyInjection.Abstractions": "9.0.15",
          "Microsoft.Extensions.Primitives": "9.0.15"
        }
      },
      "Microsoft.Extensions.Options.ConfigurationExtensions": {
        "type": "Transitive",
        "resolved": "9.0.15",
        "contentHash": "g7IlZ1Qp1c5J0UPx9aesAvxTbIDkSM2EqBFeH1VBLCoYQYZjMoVQlVB+jYmsNs0lgrAa91p0yRoYu5HGYaGxCg==",
        "dependencies": {
          "Microsoft.Extensions.Configuration.Abstractions": "9.0.15",
          "Microsoft.Extensions.Configuration.Binder": "9.0.15",
          "Microsoft.Extensions.DependencyInjection.Abstractions": "9.0.15",
          "Microsoft.Extensions.Options": "9.0.15",
          "Microsoft.Extensions.Primitives": "9.0.15"
        }
      },
      "Microsoft.Extensions.Primitives": {
        "type": "Transitive",
        "resolved": "9.0.15",
        "contentHash": "WRPJ9kpIwsOcghRT0tduIqiz7CDv7WsnL4kTJavtHS4j5AW++4LlR63oOSTL2o/zLR4T1z0/FQMgrnsPJ5bpQQ=="
      },
      "NodaTime.Serialization.JsonNet": {
        "type": "Transitive",
        "resolved": "3.2.0",
        "contentHash": "zf4dQoRBaFxJ5Hf1SqVVHCPcMViKMZK/P0YnJUuhB8g58IxNGOkSxsPPX9jFp3fMjGrEER/ehyO+y86ubD4OKw==",
        "dependencies": {
          "Newtonsoft.Json": "13.0.3",
          "NodaTime": "[3.0.0, 4.0.0)"
        }
      },
      "Polly": {
        "type": "Transitive",
        "resolved": "7.2.4",
        "contentHash": "bw00Ck5sh6ekduDE3mnCo1ohzuad946uslCDEENu3091+6UKnBuKLo4e+yaNcCzXxOZCXWY2gV4a35+K1d4LDA=="
      },
      "Polly.Extensions.Http": {
        "type": "Transitive",
        "resolved": "3.0.0",
        "contentHash": "drrG+hB3pYFY7w1c3BD+lSGYvH2oIclH8GRSehgfyP5kjnFnHKQuuBhuHLv+PWyFuaTDyk/vfRpnxOzd11+J8g==",
        "dependencies": {
          "Polly": "7.1.0"
        }
      },
      "System.Collections.Immutable": {
        "type": "Transitive",
        "resolved": "9.0.3",
        "contentHash": "CfYi30Pbpw9aGpXVLcoGt+yM0egrE8M1DUOOwdAWOAQ2QZkXkSgjonqZYvtKdxUF1XJaLCp0OdTXueeAeUHSlQ=="
      },
      "be.vlaanderen.basisregisters.grar.common": {
        "type": "Project",
        "dependencies": {
          "Be.Vlaanderen.Basisregisters.AggregateSource": "[10.0.2, )",
          "Be.Vlaanderen.Basisregisters.CommandHandling": "[10.0.2, )",
          "NetTopologySuite": "[2.6.0, )",
          "NodaTime": "[3.2.2, )"
        }
      },
      "be.vlaanderen.basisregisters.grar.legacy": {
        "type": "Project",
        "dependencies": {
          "Be.Vlaanderen.Basisregisters.GrAr.Common": "[1.0.0, )",
          "Be.Vlaanderen.Basisregisters.Utilities.Rfc3339DateTimeOffset": "[5.0.0, )",
          "Newtonsoft.Json": "[13.0.3, )"
        }
      },
      "Be.Vlaanderen.Basisregisters.AggregateSource": {
        "type": "CentralTransitive",
        "requested": "[10.0.2, )",
        "resolved": "10.0.2",
        "contentHash": "Yl/b3hX+eL00r2hs/vIFbr4BX+4dapcj5AFBguPhO4QBb2Hwzgzm/jjuoS3bziUg5PAb1TWn+jQxcw63c886RA==",
        "dependencies": {
          "Be.Vlaanderen.Basisregisters.Utilities.HashCodeCalculator": "5.0.0",
          "Be.Vlaanderen.Basisregisters.Utilities.HexByteConvertor": "5.0.0",
          "Be.Vlaanderen.Basisregisters.Utilities.ToStringBuilder": "4.0.8",
          "Newtonsoft.Json": "13.0.3",
          "NodaTime": "3.2.2",
          "System.Collections.Immutable": "9.0.3"
        }
      },
      "Be.Vlaanderen.Basisregisters.CommandHandling": {
        "type": "CentralTransitive",
        "requested": "[10.0.2, )",
        "resolved": "10.0.2",
        "contentHash": "kF9PkiM+9/iqXSSg4B+rXLAgNGgMAdIxtFsQsXlmQ6/tnqXU1FMbRJ0rAHCFKABwv+GW0b113NvDAdAA9V1x9Q==",
        "dependencies": {
          "System.Collections.Immutable": "9.0.3"
        }
      },
      "Be.Vlaanderen.Basisregisters.Utilities.HexByteConvertor": {
        "type": "CentralTransitive",
        "requested": "[5.0.0, )",
        "resolved": "5.0.0",
        "contentHash": "DI3ETyL4lW+/SQcVAHE1F2fkNLZ5UV8GtVMoPZxX73gTdlfcKHASnsKrxVS/IcQu/5dzwQR70OIpC7kKTQzKcg=="
      },
      "Microsoft.Extensions.Logging": {
        "type": "CentralTransitive",
        "requested": "[9.0.15, )",
        "resolved": "9.0.15",
        "contentHash": "+rAMD3QMdqEhUHmD79DZGyAivBSnLvYC5P6iBbvO6so0qYRe4rtJ0v9ABsbXkUOzYFVrN0w8+abNoNEOmbangw==",
        "dependencies": {
          "Microsoft.Extensions.DependencyInjection": "9.0.15",
          "Microsoft.Extensions.Logging.Abstractions": "9.0.15",
          "Microsoft.Extensions.Options": "9.0.15"
        }
      },
      "NetTopologySuite": {
        "type": "CentralTransitive",
        "requested": "[2.6.0, )",
        "resolved": "2.6.0",
        "contentHash": "1B1OTacTd4QtFyBeuIOcThwSSLUdRZU3bSFIwM8vk36XiZlBMi3K36u74e4OqwwHRHUuJC1PhbDx4hyI266X1Q=="
      },
      "NodaTime": {
        "type": "CentralTransitive",
        "requested": "[3.2.2, )",
        "resolved": "3.2.2",
        "contentHash": "dmju5W0UYC3QP/UJM0juKAZkH0HSDMp0gH91A0+mT9M0kgyM2Jm67hUZPl/WRQLq8Lijjqmdk8kyAViWFWM7dA=="
      }
    },
    "net9.0/linux-arm64": {},
    "net9.0/linux-x64": {},
    "net9.0/win-x64": {}
  }
}