{
  "version": 2,
  "dependencies": {
    "net9.0": {
      "Be.Vlaanderen.Basisregisters.Auth.AcmIdm": {
        "type": "Direct",
        "requested": "[4.0.1, )",
        "resolved": "4.0.1",
        "contentHash": "Op6jgwiJdKtoHApAF57U8Z8gpAQwzFqr28d1pFyBPbWv2zbjNTQRKH8DSH45gDlss7GAjRsk7LdA4vZ2p7ABsg==",
        "dependencies": {
          "Be.Vlaanderen.Basisregisters.NisCodeService.Abstractions": "6.0.0",
          "IdentityModel.AspNetCore.OAuth2Introspection": "6.2.0",
          "Microsoft.AspNetCore.Authentication.JwtBearer": "9.0.3",
          "Microsoft.Extensions.DependencyInjection": "9.0.3"
        }
      },
      "NodaTime": {
        "type": "Direct",
        "requested": "[3.2.2, )",
        "resolved": "3.2.2",
        "contentHash": "dmju5W0UYC3QP/UJM0juKAZkH0HSDMp0gH91A0+mT9M0kgyM2Jm67hUZPl/WRQLq8Lijjqmdk8kyAViWFWM7dA=="
      },
      "SourceLink.Copy.PdbFiles": {
        "type": "Direct",
        "requested": "[2.8.3, )",
        "resolved": "2.8.3",
        "contentHash": "cxlw1QHd/J7lOtSZ45VZMOsF/YSOlwZy0fCkauo9Ib9vOv+zGzjm9q3D8qGyMII0Zz1GSmli/oxhmUNuYUpc1g=="
      },
      "SourceLink.Embed.AllSourceFiles": {
        "type": "Direct",
        "requested": "[2.8.3, )",
        "resolved": "2.8.3",
        "contentHash": "Hv77AfKNDqSUH6MSGW1ZwKWFJ/CNKOe4FD6lpJGNYdSSQeEEsE2KyPlG1IgzA8+CJG8lDQV2vLS4OljHtHohsw=="
      },
      "Be.Vlaanderen.Basisregisters.NisCodeService.Abstractions": {
        "type": "Transitive",
        "resolved": "6.0.0",
        "contentHash": "CJ5+X9IHCTFh6XsKvMd7DjjvRdBf/TAapz9V7P6Y0Jgn4guWFUbd+EnK7JMJAPyyCQOoRJxLo5bk6r3g9jQVGg==",
        "dependencies": {
          "Microsoft.Extensions.DependencyInjection.Abstractions": "9.0.3",
          "Microsoft.Extensions.Logging.Abstractions": "9.0.3"
        }
      },
      "Be.Vlaanderen.Basisregisters.Utilities.HashCodeCalculator": {
        "type": "Transitive",
        "resolved": "4.0.0",
        "contentHash": "nPhdaKL5YTdHGli7qreB/Suqv0/2X+b6UEryz3MwOam6iZCCr1YOMjTGomAMsk1QY/fywsU7F/fF8bl8QehiGg=="
      },
      "Be.Vlaanderen.Basisregisters.Utilities.HexByteConvertor": {
        "type": "Transitive",
        "resolved": "4.0.0",
        "contentHash": "+TV6oP5f9hNv8W5/Qk+7V+nCa4/vXSxZb4WN4WcaG1EQCbH0sTKcHtTNgAfCkFU/ALE+Cr/UGBGrsm595sq4Dg=="
      },
      "Be.Vlaanderen.Basisregisters.Utilities.ToStringBuilder": {
        "type": "Transitive",
        "resolved": "4.0.0",
        "contentHash": "ptPB7F6tRNupzND0z0XWAfuksB0tC/zyklk1K4ganeuh6tIODn0T6OSX4Jy2RG7Pm2H4Cc0GQZJHqmoL+uhLEg=="
      },
      "GeoJSON.Net": {
        "type": "Transitive",
        "resolved": "1.2.19",
        "contentHash": "b1sIWezvF7a4dBz6d0nQfbwJEWFeRjJ6Mri+Hm/FJ1OIEksekiY1X+CgPG/7E3NcHKz3+3RnbX3VAhx03GG21w==",
        "dependencies": {
          "Newtonsoft.Json": "10.0.2"
        }
      },
      "IdentityModel": {
        "type": "Transitive",
        "resolved": "6.0.0",
        "contentHash": "eVHCR7a6m/dm5RFcBzE3qs/Jg5j9R5Rjpu8aTOv9e4AFvaQtBXb5ah7kmwU+YwA0ufRwz4wf1hnIvsD2hSnI4g=="
      },
      "IdentityModel.AspNetCore.OAuth2Introspection": {
        "type": "Transitive",
        "resolved": "6.2.0",
        "contentHash": "1hRDOqWk5jdATfOIso5GsewS391ngZ8mSoLbfdEHv2vue8CV1tv6Xy/xmY8phENm6Bvg9U0twzkAz/alhiKD8g==",
        "dependencies": {
          "IdentityModel": "6.0.0"
        }
      },
      "Microsoft.AspNetCore.Authentication.JwtBearer": {
        "type": "Transitive",
        "resolved": "9.0.3",
        "contentHash": "7+u/rBzHSd9KDT4uLxI8j6n5IKiQ59Yvct6KcYM0QL2ynfBMkon01dDFgQJMpeZf7PTOi5wtI3EEO/dnjsFA1g==",
        "dependencies": {
          "Microsoft.IdentityModel.Protocols.OpenIdConnect": "8.0.1"
        }
      },
      "Microsoft.Extensions.DependencyInjection": {
        "type": "Transitive",
        "resolved": "9.0.3",
        "contentHash": "lDbxJpkl6X8KZGpkAxgrrthQ42YeiR0xjPp7KPx+sCPc3ZbpaIbjzd0QQ+9kDdK2RU2DOl3pc6tQyAgEZY3V0A==",
        "dependencies": {
          "Microsoft.Extensions.DependencyInjection.Abstractions": "9.0.3"
        }
      },
      "Microsoft.Extensions.DependencyInjection.Abstractions": {
        "type": "Transitive",
        "resolved": "9.0.3",
        "contentHash": "TfaHPSe39NyL2wxkisRxXK7xvHGZYBZ+dy3r+mqGvnxKgAPdHkMu3QMQZI4pquP6W5FIQBqs8FJpWV8ffCgDqQ=="
      },
      "Microsoft.Extensions.Logging.Abstractions": {
        "type": "Transitive",
        "resolved": "9.0.3",
        "contentHash": "H/MBMLt9A/69Ux4OrV7oCKt3DcMT04o5SCqDolulzQA66TLFEpYYb4qedMs/uwrLtyHXGuDGWKZse/oa8W9AZw==",
        "dependencies": {
          "Microsoft.Extensions.DependencyInjection.Abstractions": "9.0.3"
        }
      },
      "Microsoft.IdentityModel.Abstractions": {
        "type": "Transitive",
        "resolved": "8.0.1",
        "contentHash": "OtlIWcyX01olfdevPKZdIPfBEvbcioDyBiE/Z2lHsopsMD7twcKtlN9kMevHmI5IIPhFpfwCIiR6qHQz1WHUIw=="
      },
      "Microsoft.IdentityModel.JsonWebTokens": {
        "type": "Transitive",
        "resolved": "8.0.1",
        "contentHash": "s6++gF9x0rQApQzOBbSyp4jUaAlwm+DroKfL8gdOHxs83k8SJfUXhuc46rDB3rNXBQ1MVRxqKUrqFhO/M0E97g==",
        "dependencies": {
          "Microsoft.IdentityModel.Tokens": "8.0.1"
        }
      },
      "Microsoft.IdentityModel.Logging": {
        "type": "Transitive",
        "resolved": "8.0.1",
        "contentHash": "UCPF2exZqBXe7v/6sGNiM6zCQOUXXQ9+v5VTb9gPB8ZSUPnX53BxlN78v2jsbIvK9Dq4GovQxo23x8JgWvm/Qg==",
        "dependencies": {
          "Microsoft.IdentityModel.Abstractions": "8.0.1"
        }
      },
      "Microsoft.IdentityModel.Protocols": {
        "type": "Transitive",
        "resolved": "8.0.1",
        "contentHash": "uA2vpKqU3I2mBBEaeJAWPTjT9v1TZrGWKdgK6G5qJd03CLx83kdiqO9cmiK8/n1erkHzFBwU/RphP83aAe3i3g==",
        "dependencies": {
          "Microsoft.IdentityModel.Tokens": "8.0.1"
        }
      },
      "Microsoft.IdentityModel.Protocols.OpenIdConnect": {
        "type": "Transitive",
        "resolved": "8.0.1",
        "contentHash": "AQDbfpL+yzuuGhO/mQhKNsp44pm5Jv8/BI4KiFXR7beVGZoSH35zMV3PrmcfvSTsyI6qrcR898NzUauD6SRigg==",
        "dependencies": {
          "Microsoft.IdentityModel.Protocols": "8.0.1",
          "System.IdentityModel.Tokens.Jwt": "8.0.1"
        }
      },
      "Microsoft.IdentityModel.Tokens": {
        "type": "Transitive",
        "resolved": "8.0.1",
        "contentHash": "kDimB6Dkd3nkW2oZPDkMkVHfQt3IDqO5gL0oa8WVy3OP4uE8Ij+8TXnqg9TOd9ufjsY3IDiGz7pCUbnfL18tjg==",
        "dependencies": {
          "Microsoft.IdentityModel.Logging": "8.0.1"
        }
      },
      "Microsoft.Win32.SystemEvents": {
        "type": "Transitive",
        "resolved": "8.0.0",
        "contentHash": "9opKRyOKMCi2xJ7Bj7kxtZ1r9vbzosMvRrdEhVhDz8j8MoBGgB+WmC94yH839NPH+BclAjtQ/pyagvi/8gDLkw=="
      },
      "System.Buffers": {
        "type": "Transitive",
        "resolved": "4.5.1",
        "contentHash": "Rw7ijyl1qqRS0YQD/WycNst8hUUMgrMH4FCn1nNm27M4VxchZ1js3fVjQaANHO5f3sN4isvP4a+Met9Y4YomAg=="
      },
      "System.Configuration.ConfigurationManager": {
        "type": "Transitive",
        "resolved": "8.0.0",
        "contentHash": "JlYi9XVvIREURRUlGMr1F6vOFLk7YSY4p1vHo4kX3tQ0AGrjqlRWHDi66ImHhy6qwXBG3BJ6Y1QlYQ+Qz6Xgww==",
        "dependencies": {
          "System.Diagnostics.EventLog": "8.0.0",
          "System.Security.Cryptography.ProtectedData": "8.0.0"
        }
      },
      "System.Diagnostics.EventLog": {
        "type": "Transitive",
        "resolved": "8.0.0",
        "contentHash": "fdYxcRjQqTTacKId/2IECojlDSFvp7LP5N78+0z/xH7v/Tuw5ZAxu23Y6PTCRinqyu2ePx+Gn1098NC6jM6d+A=="
      },
      "System.Drawing.Common": {
        "type": "Transitive",
        "resolved": "8.0.0",
        "contentHash": "JkbHJjtI/dWc5dfmEdJlbe3VwgZqCkZRtfuWFh5GOv0f+gGCfBtzMpIVkmdkj2AObO9y+oiOi81UGwH3aBYuqA==",
        "dependencies": {
          "Microsoft.Win32.SystemEvents": "8.0.0"
        }
      },
      "System.IdentityModel.Tokens.Jwt": {
        "type": "Transitive",
        "resolved": "8.0.1",
        "contentHash": "GJw3bYkWpOgvN3tJo5X4lYUeIFA2HD293FPUhKmp7qxS+g5ywAb34Dnd3cDAFLkcMohy5XTpoaZ4uAHuw0uSPQ==",
        "dependencies": {
          "Microsoft.IdentityModel.JsonWebTokens": "8.0.1",
          "Microsoft.IdentityModel.Tokens": "8.0.1"
        }
      },
      "System.Memory": {
        "type": "Transitive",
        "resolved": "4.5.5",
        "contentHash": "XIWiDvKPXaTveaB7HVganDlOCRoj03l+jrwNvcge/t8vhGYKvqV+dMv6G4SAX2NoNmN0wZfVPTAlFwZcZvVOUw=="
      },
      "System.Numerics.Vectors": {
        "type": "Transitive",
        "resolved": "4.5.0",
        "contentHash": "QQTlPTl06J/iiDbJCiepZ4H//BVraReU4O4EoRw1U02H5TLUIT7xn3GnDp9AXPSlJUDyFs4uWjWafNX6WrAojQ=="
      },
      "System.Runtime.CompilerServices.Unsafe": {
        "type": "Transitive",
        "resolved": "6.0.0",
        "contentHash": "/iUeP3tq1S0XdNNoMz5C9twLSrM/TH+qElHkXWaPvuNOt+99G75NrV0OS2EqHx5wMN7popYjpc8oTjC1y16DLg=="
      },
      "System.Security.Cryptography.ProtectedData": {
        "type": "Transitive",
        "resolved": "8.0.0",
        "contentHash": "+TUFINV2q2ifyXauQXRwy4CiBhqvDEDZeVJU7qfxya4aRYOKzVBpN+4acx25VcPB9ywUN6C0n8drWl110PhZEg=="
      },
      "be.vlaanderen.basisregisters.grar.common": {
        "type": "Project",
        "dependencies": {
          "Be.Vlaanderen.Basisregisters.AggregateSource": "[9.0.1, )",
          "Be.Vlaanderen.Basisregisters.CommandHandling": "[9.0.1, )",
          "Be.Vlaanderen.Basisregisters.Utilities.HashCodeCalculator": "[4.0.0, )",
          "Be.Vlaanderen.Basisregisters.Utilities.HexByteConvertor": "[4.0.0, )",
          "Be.Vlaanderen.Basisregisters.Utilities.ToStringBuilder": "[4.0.0, )",
          "NetTopologySuite": "[2.5.0, )",
          "Newtonsoft.Json": "[13.0.3, )",
          "NodaTime": "[3.1.11, )",
          "SourceLink.Copy.PdbFiles": "[2.8.3, )",
          "SourceLink.Embed.AllSourceFiles": "[2.8.3, )",
          "System.Buffers": "[4.5.1, )",
          "System.Memory": "[4.5.5, )",
          "System.Numerics.Vectors": "[4.5.0, )",
          "System.Runtime.CompilerServices.Unsafe": "[6.0.0, )"
        }
      },
      "be.vlaanderen.basisregisters.grar.provenance": {
        "type": "Project",
        "dependencies": {
          "Be.Vlaanderen.Basisregisters.AggregateSource": "[9.0.1, )",
          "Be.Vlaanderen.Basisregisters.CommandHandling": "[9.0.1, )",
          "Be.Vlaanderen.Basisregisters.Crab": "[4.0.0, )",
          "Be.Vlaanderen.Basisregisters.Generators.Guid.Deterministic": "[4.0.0, )",
          "Be.Vlaanderen.Basisregisters.GrAr.Common": "[1.0.0, )",
          "Be.Vlaanderen.Basisregisters.Utilities.HashCodeCalculator": "[4.0.0, )",
          "Be.Vlaanderen.Basisregisters.Utilities.HexByteConvertor": "[4.0.0, )",
          "Be.Vlaanderen.Basisregisters.Utilities.Rfc3339DateTimeOffset": "[4.0.0, )",
          "Be.Vlaanderen.Basisregisters.Utilities.ToStringBuilder": "[4.0.0, )",
          "CompareNETObjects": "[4.83.0, )",
          "GeoJSON.Net": "[1.2.19, )",
          "Microsoft.CSharp": "[4.7.0, )",
          "Microsoft.Extensions.DependencyInjection.Abstractions": "[8.0.1, )",
          "Microsoft.Extensions.Logging.Abstractions": "[8.0.1, )",
          "Newtonsoft.Json": "[13.0.3, )",
          "NodaTime": "[3.1.11, )",
          "SourceLink.Copy.PdbFiles": "[2.8.3, )",
          "SourceLink.Embed.AllSourceFiles": "[2.8.3, )",
          "System.Buffers": "[4.5.1, )",
          "System.Diagnostics.EventLog": "[8.0.0, )",
          "System.Memory": "[4.5.5, )",
          "System.Numerics.Vectors": "[4.5.0, )",
          "System.Runtime.CompilerServices.Unsafe": "[6.0.0, )"
        }
      },
      "Be.Vlaanderen.Basisregisters.AggregateSource": {
        "type": "CentralTransitive",
        "requested": "[10.0.2, )",
        "resolved": "9.0.1",
        "contentHash": "8CmsmZynn/Odv/de1bEnEkU4RRmPDNY+WeHo24HxVUa3+8qQJC637r2JezXDciXwnYdy6fp2yty05Qrx/xBrAQ==",
        "dependencies": {
          "Be.Vlaanderen.Basisregisters.Utilities.HashCodeCalculator": "4.0.0",
          "Be.Vlaanderen.Basisregisters.Utilities.HexByteConvertor": "4.0.0",
          "Be.Vlaanderen.Basisregisters.Utilities.ToStringBuilder": "4.0.0",
          "Newtonsoft.Json": "13.0.3",
          "NodaTime": "3.1.11"
        }
      },
      "Be.Vlaanderen.Basisregisters.CommandHandling": {
        "type": "CentralTransitive",
        "requested": "[10.0.2, )",
        "resolved": "9.0.1",
        "contentHash": "FD1x80+F4F1mJet7+8hiJTSAj+CA6GOWWXBObqcrftB58c6//i0YXL5QnW4jvlAmuayUAj6ioSkNnBqfhst/6Q=="
      },
      "Be.Vlaanderen.Basisregisters.Crab": {
        "type": "CentralTransitive",
        "requested": "[5.0.1, )",
        "resolved": "4.0.0",
        "contentHash": "PBu8p9Gl0nO50yr2w1qpTNLKKY2txGIgAhz/AIHTMiFor55cAg9eAoJlX870qxF7Gl4jPFkiq36HRmppvtRh3g==",
        "dependencies": {
          "Be.Vlaanderen.Basisregisters.AggregateSource": "9.0.1",
          "Be.Vlaanderen.Basisregisters.Generators.Guid.Deterministic": "4.0.0",
          "GeoJSON.NET": "1.2.19",
          "Microsoft.Extensions.Logging.Abstractions": "8.0.0",
          "NodaTime": "3.1.11"
        }
      },
      "Be.Vlaanderen.Basisregisters.Generators.Guid.Deterministic": {
        "type": "CentralTransitive",
        "requested": "[5.0.0, )",
        "resolved": "4.0.0",
        "contentHash": "ssdML8g+JqdP2BbDxg/bqzUBz81RD3SCGAbop6qs+o1xCGPXnlCSNAOp22TDKTtFmHfp+sKSPuWL0JONf3fYYA=="
      },
      "Be.Vlaanderen.Basisregisters.Utilities.Rfc3339DateTimeOffset": {
        "type": "CentralTransitive",
        "requested": "[5.0.0, )",
        "resolved": "4.0.0",
        "contentHash": "Kjdl+VsakB3I64603e0WDcRbReSQxGg3A3wIM9lGl9m6mmox4cikEzfI28RH+yVvlXoTNajh2RUFBFFxU00mYw==",
        "dependencies": {
          "Newtonsoft.Json": "13.0.3"
        }
      },
      "CompareNETObjects": {
        "type": "CentralTransitive",
        "requested": "[4.83.0, )",
        "resolved": "4.83.0",
        "contentHash": "KNpF1bgvuifzKB5BId3ZHXaBdI/rgJNpq0ZvM2wtdc1Oe8rh4rUUQUnBgHOJQ353eVGNxoXwvlOPuZqg/5cjdg==",
        "dependencies": {
          "System.Configuration.Configurationmanager": "8.0.0",
          "System.Drawing.Common": "8.0.0"
        }
      },
      "Microsoft.CSharp": {
        "type": "CentralTransitive",
        "requested": "[4.7.0, )",
        "resolved": "4.7.0",
        "contentHash": "pTj+D3uJWyN3My70i2Hqo+OXixq3Os2D1nJ2x92FFo6sk8fYS1m1WLNTs0Dc1uPaViH0YvEEwvzddQ7y4rhXmA=="
      },
      "NetTopologySuite": {
        "type": "CentralTransitive",
        "requested": "[2.6.0, )",
        "resolved": "2.5.0",
        "contentHash": "5/+2O2ADomEdUn09mlSigACdqvAf0m/pVPGtIPEPQWnyrVykYY0NlfXLIdkMgi41kvH9kNrPqYaFBTZtHYH7Xw==",
        "dependencies": {
          "System.Memory": "4.5.4"
        }
      },
      "Newtonsoft.Json": {
        "type": "CentralTransitive",
        "requested": "[13.0.3, )",
        "resolved": "13.0.3",
        "contentHash": "HrC5BXdl00IP9zeV+0Z848QWPAoCr9P3bDEZguI+gkLcBKAOxix/tLEAAHC+UvDNPv4a2d18lOReHMOagPa+zQ=="
      }
    },
    "net9.0/linux-arm64": {
      "Microsoft.Win32.SystemEvents": {
        "type": "Transitive",
        "resolved": "8.0.0",
        "contentHash": "9opKRyOKMCi2xJ7Bj7kxtZ1r9vbzosMvRrdEhVhDz8j8MoBGgB+WmC94yH839NPH+BclAjtQ/pyagvi/8gDLkw=="
      },
      "System.Diagnostics.EventLog": {
        "type": "Transitive",
        "resolved": "8.0.0",
        "contentHash": "fdYxcRjQqTTacKId/2IECojlDSFvp7LP5N78+0z/xH7v/Tuw5ZAxu23Y6PTCRinqyu2ePx+Gn1098NC6jM6d+A=="
      }
    },
    "net9.0/linux-x64": {
      "Microsoft.Win32.SystemEvents": {
        "type": "Transitive",
        "resolved": "8.0.0",
        "contentHash": "9opKRyOKMCi2xJ7Bj7kxtZ1r9vbzosMvRrdEhVhDz8j8MoBGgB+WmC94yH839NPH+BclAjtQ/pyagvi/8gDLkw=="
      },
      "System.Diagnostics.EventLog": {
        "type": "Transitive",
        "resolved": "8.0.0",
        "contentHash": "fdYxcRjQqTTacKId/2IECojlDSFvp7LP5N78+0z/xH7v/Tuw5ZAxu23Y6PTCRinqyu2ePx+Gn1098NC6jM6d+A=="
      }
    },
    "net9.0/win-x64": {
      "Microsoft.Win32.SystemEvents": {
        "type": "Transitive",
        "resolved": "8.0.0",
        "contentHash": "9opKRyOKMCi2xJ7Bj7kxtZ1r9vbzosMvRrdEhVhDz8j8MoBGgB+WmC94yH839NPH+BclAjtQ/pyagvi/8gDLkw=="
      },
      "System.Diagnostics.EventLog": {
        "type": "Transitive",
        "resolved": "8.0.0",
        "contentHash": "fdYxcRjQqTTacKId/2IECojlDSFvp7LP5N78+0z/xH7v/Tuw5ZAxu23Y6PTCRinqyu2ePx+Gn1098NC6jM6d+A=="
      }
    }
  }
}