{
  "version": 2,
  "dependencies": {
    "net9.0": {
      "Microsoft.Extensions.Configuration": {
        "type": "Direct",
        "requested": "[9.0.12, )",
        "resolved": "9.0.12",
        "contentHash": "ATSurHTbvZmw2ITcEyPPrKbtBh5FHA/p9JAMuKbgfurm+U+qPE5KkYHW7NIpayL3/ML3GGPmro1hOozJ/O8VuA==",
        "dependencies": {
          "Microsoft.Extensions.Configuration.Abstractions": "9.0.12",
          "Microsoft.Extensions.Primitives": "9.0.12"
        }
      },
      "Microsoft.Extensions.Configuration.Json": {
        "type": "Direct",
        "requested": "[9.0.12, )",
        "resolved": "9.0.12",
        "contentHash": "SR53DHSFG7RBEg76a3i37kUBFm7nb6O/74TxRpNcQl0nDYERs5ZC1XNVVFAh5O4CytEDAnzjTBHthJu2IzaoTQ==",
        "dependencies": {
          "Microsoft.Extensions.Configuration": "9.0.12",
          "Microsoft.Extensions.Configuration.Abstractions": "9.0.12",
          "Microsoft.Extensions.Configuration.FileExtensions": "9.0.12",
          "Microsoft.Extensions.FileProviders.Abstractions": "9.0.12"
        }
      },
      "Newtonsoft.Json": {
        "type": "Direct",
        "requested": "[13.0.3, )",
        "resolved": "13.0.3",
        "contentHash": "HrC5BXdl00IP9zeV+0Z848QWPAoCr9P3bDEZguI+gkLcBKAOxix/tLEAAHC+UvDNPv4a2d18lOReHMOagPa+zQ=="
      },
      "Microsoft.Extensions.Configuration.Abstractions": {
        "type": "Transitive",
        "resolved": "9.0.12",
        "contentHash": "7a6T0/caZDhTX1qkXII/2bSdmZt/gqrBkIXlcM9NTelc6lseRR6OPYb8gcy/JA6m4P3tEFd2Tnhr8ke4Jq/wkw==",
        "dependencies": {
          "Microsoft.Extensions.Primitives": "9.0.12"
        }
      },
      "Microsoft.Extensions.Configuration.FileExtensions": {
        "type": "Transitive",
        "resolved": "9.0.12",
        "contentHash": "kk7BgI8BtMUJJkcIM4+FqvTinSPETOQEsdOxPw8PkDk1+IAmTbt2SS8efPHQpFUB5P6ZYsFq94Xk64wr5nXrKQ==",
        "dependencies": {
          "Microsoft.Extensions.Configuration": "9.0.12",
          "Microsoft.Extensions.Configuration.Abstractions": "9.0.12",
          "Microsoft.Extensions.FileProviders.Abstractions": "9.0.12",
          "Microsoft.Extensions.FileProviders.Physical": "9.0.12",
          "Microsoft.Extensions.Primitives": "9.0.12"
        }
      },
      "Microsoft.Extensions.FileProviders.Abstractions": {
        "type": "Transitive",
        "resolved": "9.0.12",
        "contentHash": "DIRWbcei4olf0EvIqAXJZiXnsaCCq6RP+sADmbz7FDMHAWIG2eEh50BeT/z9VEgmYfly3bXp2UCuS5hf3KK1Zw==",
        "dependencies": {
          "Microsoft.Extensions.Primitives": "9.0.12"
        }
      },
      "Microsoft.Extensions.FileProviders.Physical": {
        "type": "Transitive",
        "resolved": "9.0.12",
        "contentHash": "oN7aRmRus6vrPafRT8aTGbwMMVZnP4UqiiUcmHbWA/iAEA4hmJ2csFoAiymMCk52xyF8lXwDpmo/HZl9i/0Npg==",
        "dependencies": {
          "Microsoft.Extensions.FileProviders.Abstractions": "9.0.12",
          "Microsoft.Extensions.FileSystemGlobbing": "9.0.12",
          "Microsoft.Extensions.Primitives": "9.0.12"
        }
      },
      "Microsoft.Extensions.FileSystemGlobbing": {
        "type": "Transitive",
        "resolved": "9.0.12",
        "contentHash": "mpSVu1bg1WZlhRq2jM5/nPfL/6UrTYqseNx4p8e2idq4eDjX+NmrkLmEsTESBzfCV+0T4gQgOu7PAqZSqy/Lvw=="
      },
      "Microsoft.Extensions.Primitives": {
        "type": "Transitive",
        "resolved": "9.0.12",
        "contentHash": "nmGbgxTfuvuEdcQ9NH5DEwAKDKB+c39dAcKQ4+sb8WpGA3pMIgAJfowC+aRH/6gFmdRq2ssRp031Uvv7rTrOMg=="
      }
    },
    "net9.0/linux-arm64": {},
    "net9.0/linux-x64": {},
    "net9.0/win-x64": {}
  }
}