{
  "version": 2,
  "dependencies": {
    "net9.0": {
      "Microsoft.Extensions.Configuration": {
        "type": "Direct",
        "requested": "[9.0.13, )",
        "resolved": "9.0.13",
        "contentHash": "TCb80iQBEl9EroUQYZzsw2PqUr4A9OM1hU8mZzJdV9mwHhTcPvruDk9UroOxad1EF7d6LLlTCU1Ce/qMY/qLmQ==",
        "dependencies": {
          "Microsoft.Extensions.Configuration.Abstractions": "9.0.13",
          "Microsoft.Extensions.Primitives": "9.0.13"
        }
      },
      "Microsoft.Extensions.Configuration.Json": {
        "type": "Direct",
        "requested": "[9.0.13, )",
        "resolved": "9.0.13",
        "contentHash": "hY3PsY8H8ZsEopq3WGSCt59Ek3lr2TVXVhlcUz5d+CAJjsl1fmrJNY7+JC33jIH6Ptxo4j1PE757RKRrjfD8fw==",
        "dependencies": {
          "Microsoft.Extensions.Configuration": "9.0.13",
          "Microsoft.Extensions.Configuration.Abstractions": "9.0.13",
          "Microsoft.Extensions.Configuration.FileExtensions": "9.0.13",
          "Microsoft.Extensions.FileProviders.Abstractions": "9.0.13"
        }
      },
      "Newtonsoft.Json": {
        "type": "Direct",
        "requested": "[13.0.3, )",
        "resolved": "13.0.3",
        "contentHash": "HrC5BXdl00IP9zeV+0Z848QWPAoCr9P3bDEZguI+gkLcBKAOxix/tLEAAHC+UvDNPv4a2d18lOReHMOagPa+zQ=="
      },
      "Microsoft.Extensions.Configuration.Abstractions": {
        "type": "Transitive",
        "resolved": "9.0.13",
        "contentHash": "N4ITL03t39KKgF4Q0lr3yoOkZHLjuRPXalP6+QPDe2VipcbCq5Ml1ZpXeHo8I3mquoAPOT5lSP6LvRKUBn1Ayw==",
        "dependencies": {
          "Microsoft.Extensions.Primitives": "9.0.13"
        }
      },
      "Microsoft.Extensions.Configuration.FileExtensions": {
        "type": "Transitive",
        "resolved": "9.0.13",
        "contentHash": "KMe8LSpFrz8meZOXbT73QuJZG1ThICpQx+1uXFWy76ZT3iO6zWfo3w2dvH2L3BXAXMGTH1wO2eGEt/lCG9ViDw==",
        "dependencies": {
          "Microsoft.Extensions.Configuration": "9.0.13",
          "Microsoft.Extensions.Configuration.Abstractions": "9.0.13",
          "Microsoft.Extensions.FileProviders.Abstractions": "9.0.13",
          "Microsoft.Extensions.FileProviders.Physical": "9.0.13",
          "Microsoft.Extensions.Primitives": "9.0.13"
        }
      },
      "Microsoft.Extensions.FileProviders.Abstractions": {
        "type": "Transitive",
        "resolved": "9.0.13",
        "contentHash": "PyNYPwsNrP2q4sbToHzKp1NlMwjy1PDHzM2P9cQlnyxO1EjR2IVIevwyc1WWwdun33LfbjU8wBFnTsYLYOJHqQ==",
        "dependencies": {
          "Microsoft.Extensions.Primitives": "9.0.13"
        }
      },
      "Microsoft.Extensions.FileProviders.Physical": {
        "type": "Transitive",
        "resolved": "9.0.13",
        "contentHash": "Y+5JuCoiGnpK/o2ljT7xmUWdB94ro+YfiRsycrUBi3DGUl+bVL8CVY/wFrjjq9xlQVj4gxrjnO0H3K05rqCqfA==",
        "dependencies": {
          "Microsoft.Extensions.FileProviders.Abstractions": "9.0.13",
          "Microsoft.Extensions.FileSystemGlobbing": "9.0.13",
          "Microsoft.Extensions.Primitives": "9.0.13"
        }
      },
      "Microsoft.Extensions.FileSystemGlobbing": {
        "type": "Transitive",
        "resolved": "9.0.13",
        "contentHash": "ldXL2E/x0mM7+UMFNTNEjiEuTjYd//3mPR8sMAGW8s0nfqFi05hLJ24fGA9vVfGzq/w9RjYzYf+aGTgCoHwK1A=="
      },
      "Microsoft.Extensions.Primitives": {
        "type": "Transitive",
        "resolved": "9.0.13",
        "contentHash": "cqzLFZ6rIEX/N1mJAGN8HLqWhlks2G3eYO+9pCShMLqxeBLN7ndS+MbmxiuQiQ0Tj/Q3tVHRWx91n17yLczjmg=="
      }
    },
    "net9.0/linux-arm64": {},
    "net9.0/linux-x64": {},
    "net9.0/win-x64": {}
  }
}